PODS:
  - Flutter (1.0.0)
  - flutter_smartlook (4.1.1):
    - Flutter

DEPENDENCIES:
  - Flutter (from `Flutter`)
  - flutter_smartlook (from `.symlinks/plugins/flutter_smartlook/ios`)

EXTERNAL SOURCES:
  Flutter:
    :path: Flutter
  flutter_smartlook:
    :path: ".symlinks/plugins/flutter_smartlook/ios"

SPEC CHECKSUMS:
  Flutter: f04841e97a9d0b0a8025694d0796dd46242b2854
  flutter_smartlook: c122cfc98c8f476b9fbab341e13faaed599467ab

PODFILE CHECKSUM: cc1f88378b4bfcf93a6ce00d2c587857c6008d3b

COCOAPODS: 1.12.1
